// !$*UTF8*$!
{
	archiveVersion = 1;
	classes = {
	};
	objectVersion = 50;
	objects = {

/* Begin PBXBuildFile section */
		1471211C260BACA8007CCEBF /* AppDelegate.swift in Sources */ = {isa = PBXBuildFile; fileRef = 1471211B260BACA8007CCEBF /* AppDelegate.swift */; };
		1471211E260BACA8007CCEBF /* SceneDelegate.swift in Sources */ = {isa = PBXBuildFile; fileRef = 1471211D260BACA8007CCEBF /* SceneDelegate.swift */; };
		14712120260BACA8007CCEBF /* ViewController.swift in Sources */ = {isa = PBXBuildFile; fileRef = 1471211F260BACA8007CCEBF /* ViewController.swift */; };
		14712123260BACA8007CCEBF /* Main.storyboard in Resources */ = {isa = PBXBuildFile; fileRef = 14712121260BACA8007CCEBF /* Main.storyboard */; };
		14712126260BACA8007CCEBF /* Karma_ounter.xcdatamodeld in Sources */ = {isa = PBXBuildFile; fileRef = 14712124260BACA8007CCEBF /* Karma_ounter.xcdatamodeld */; };
		14712128260BACAB007CCEBF /* Assets.xcassets in Resources */ = {isa = PBXBuildFile; fileRef = 14712127260BACAB007CCEBF /* Assets.xcassets */; };
		1471212B260BACAB007CCEBF /* LaunchScreen.storyboard in Resources */ = {isa = PBXBuildFile; fileRef = 14712129260BACAB007CCEBF /* LaunchScreen.storyboard */; };
/* End PBXBuildFile section */

/* Begin PBXFileReference section */
		14712118260BACA8007CCEBF /* KarmaСounter.app */ = {isa = PBXFileReference; explicitFileType = wrapper.application; includeInIndex = 0; path = "KarmaСounter.app"; sourceTree = BUILT_PRODUCTS_DIR; };
		1471211B260BACA8007CCEBF /* AppDelegate.swift */ = {isa = PBXFileReference; lastKnownFileType = sourcecode.swift; path = AppDelegate.swift; sourceTree = "<group>"; };
		1471211D260BACA8007CCEBF /* SceneDelegate.swift */ = {isa = PBXFileReference; lastKnownFileType = sourcecode.swift; path = SceneDelegate.swift; sourceTree = "<group>"; };
		1471211F260BACA8007CCEBF /* ViewController.swift */ = {isa = PBXFileReference; lastKnownFileType = sourcecode.swift; path = ViewController.swift; sourceTree = "<group>"; };
		14712122260BACA8007CCEBF /* Base */ = {isa = PBXFileReference; lastKnownFileType = file.storyboard; name = Base; path = Base.lproj/Main.storyboard; sourceTree = "<group>"; };
		14712125260BACA8007CCEBF /* Karma_ounter.xcdatamodel */ = {isa = PBXFileReference; lastKnownFileType = wrapper.xcdatamodel; path = Karma_ounter.xcdatamodel; sourceTree = "<group>"; };
		14712127260BACAB007CCEBF /* Assets.xcassets */ = {isa = PBXFileReference; lastKnownFileType = folder.assetcatalog; path = Assets.xcassets; sourceTree = "<group>"; };
		1471212A260BACAB007CCEBF /* Base */ = {isa = PBXFileReference; lastKnownFileType = file.storyboard; name = Base; path = Base.lproj/LaunchScreen.storyboard; sourceTree = "<group>"; };
		1471212C260BACAB007CCEBF /* Info.plist */ = {isa = PBXFileReference; lastKnownFileType = text.plist.xml; path = Info.plist; sourceTree = "<group>"; };
/* End PBXFileReference section */

/* Begin PBXFrameworksBuildPhase section */
		14712115260BACA8007CCEBF /* Frameworks */ = {
			isa = PBXFrameworksBuildPhase;
			buildActionMask = 2147483647;
			files = (
			);
			runOnlyForDeploymentPostprocessing = 0;
		};
/* End PBXFrameworksBuildPhase section */

/* Begin PBXGroup section */
		1471210F260BACA8007CCEBF = {
			isa = PBXGroup;
			children = (
				1471211A260BACA8007CCEBF /* KarmaСounter */,
				14712119260BACA8007CCEBF /* Products */,
			);
			sourceTree = "<group>";
		};
		14712119260BACA8007CCEBF /* Products */ = {
			isa = PBXGroup;
			children = (
				14712118260BACA8007CCEBF /* KarmaСounter.app */,
			);
			name = Products;
			sourceTree = "<group>";
		};
		1471211A260BACA8007CCEBF /* KarmaСounter */ = {
			isa = PBXGroup;
			children = (
				1471211B260BACA8007CCEBF /* AppDelegate.swift */,
				1471211D260BACA8007CCEBF /* SceneDelegate.swift */,
				1471211F260BACA8007CCEBF /* ViewController.swift */,
				14712121260BACA8007CCEBF /* Main.storyboard */,
				14712127260BACAB007CCEBF /* Assets.xcassets */,
				14712129260BACAB007CCEBF /* LaunchScreen.storyboard */,
				1471212C260BACAB007CCEBF /* Info.plist */,
				14712124260BACA8007CCEBF /* Karma_ounter.xcdatamodeld */,
			);
			path = "KarmaСounter";
			sourceTree = "<group>";
		};
/* End PBXGroup section */

/* Begin PBXNativeTarget section */
		14712117260BACA8007CCEBF /* KarmaСounter */ = {
			isa = PBXNativeTarget;
			buildConfigurationList = 1471212F260BACAB007CCEBF /* Build configuration list for PBXNativeTarget "KarmaСounter" */;
			buildPhases = (
				14712114260BACA8007CCEBF /* Sources */,
				14712115260BACA8007CCEBF /* Frameworks */,
				14712116260BACA8007CCEBF /* Resources */,
			);
			buildRules = (
			);
			dependencies = (
			);
			name = "KarmaСounter";
			productName = "KarmaСounter";
			productReference = 14712118260BACA8007CCEBF /* KarmaСounter.app */;
			productType = "com.apple.product-type.application";
		};
/* End PBXNativeTarget section */

/* Begin PBXProject section */
		14712110260BACA8007CCEBF /* Project object */ = {
			isa = PBXProject;
			attributes = {
				LastSwiftUpdateCheck = 1240;
				LastUpgradeCheck = 1240;
				TargetAttributes = {
					14712117260BACA8007CCEBF = {
						CreatedOnToolsVersion = 12.4;
					};
				};
			};
			buildConfigurationList = 14712113260BACA8007CCEBF /* Build configuration list for PBXProject "KarmaСounter" */;
			compatibilityVersion = "Xcode 9.3";
			developmentRegion = en;
			hasScannedForEncodings = 0;
			knownRegions = (
				en,
				Base,
			);
			mainGroup = 1471210F260BACA8007CCEBF;
			productRefGroup = 14712119260BACA8007CCEBF /* Products */;
			projectDirPath = "";
			projectRoot = "";
			targets = (
				14712117260BACA8007CCEBF /* KarmaСounter */,
			);
		};
/* End PBXProject section */

/* Begin PBXResourcesBuildPhase section */
		14712116260BACA8007CCEBF /* Resources */ = {
			isa = PBXResourcesBuildPhase;
			buildActionMask = 2147483647;
			files = (
				1471212B260BACAB007CCEBF /* LaunchScreen.storyboard in Resources */,
				14712128260BACAB007CCEBF /* Assets.xcassets in Resources */,
				14712123260BACA8007CCEBF /* Main.storyboard in Resources */,
			);
			runOnlyForDeploymentPostprocessing = 0;
		};
/* End PBXResourcesBuildPhase section */

/* Begin PBXSourcesBuildPhase section */
		14712114260BACA8007CCEBF /* Sources */ = {
			isa = PBXSourcesBuildPhase;
			buildActionMask = 2147483647;
			files = (
				14712120260BACA8007CCEBF /* ViewController.swift in Sources */,
				14712126260BACA8007CCEBF /* Karma_ounter.xcdatamodeld in Sources */,
				1471211C260BACA8007CCEBF /* AppDelegate.swift in Sources */,
				1471211E260BACA8007CCEBF /* SceneDelegate.swift in Sources */,
			);
			runOnlyForDeploymentPostprocessing = 0;
		};
/* End PBXSourcesBuildPhase section */

/* Begin PBXVariantGroup section */
		14712121260BACA8007CCEBF /* Main.storyboard */ = {
			isa = PBXVariantGroup;
			children = (
				14712122260BACA8007CCEBF /* Base */,
			);
			name = Main.storyboard;
			sourceTree = "<group>";
		};
		14712129260BACAB007CCEBF /* LaunchScreen.storyboard */ = {
			isa = PBXVariantGroup;
			children = (
				1471212A260BACAB007CCEBF /* Base */,
			);
			name = LaunchScreen.storyboard;
			sourceTree = "<group>";
		};
/* End PBXVariantGroup section */

/* Begin XCBuildConfiguration section */
		1471212D260BACAB007CCEBF /* Debug */ = {
			isa = XCBuildConfiguration;
			buildSettings = {
				ALWAYS_SEARCH_USER_PATHS = NO;
				CLANG_ANALYZER_NONNULL = YES;
				CLANG_ANALYZER_NUMBER_OBJECT_CONVERSION = YES_AGGRESSIVE;
				CLANG_CXX_LANGUAGE_STANDARD = "gnu++14";
				CLANG_CXX_LIBRARY = "libc++";
				CLANG_ENABLE_MODULES = YES;
				CLANG_ENABLE_OBJC_ARC = YES;
				CLANG_ENABLE_OBJC_WEAK = YES;
				CLANG_WARN_BLOCK_CAPTURE_AUTORELEASING = YES;
				CLANG_WARN_BOOL_CONVERSION = YES;
				CLANG_WARN_COMMA = YES;
				CLANG_WARN_CONSTANT_CONVERSION = YES;
				CLANG_WARN_DEPRECATED_OBJC_IMPLEMENTATIONS = YES;
				CLANG_WARN_DIRECT_OBJC_ISA_USAGE = YES_ERROR;
				CLANG_WARN_DOCUMENTATION_COMMENTS = YES;
				CLANG_WARN_EMPTY_BODY = YES;
				CLANG_WARN_ENUM_CONVERSION = YES;
				CLANG_WARN_INFINITE_RECURSION = YES;
				CLANG_WARN_INT_CONVERSION = YES;
				CLANG_WARN_NON_LITERAL_NULL_CONVERSION = YES;
				CLANG_WARN_OBJC_IMPLICIT_RETAIN_SELF = YES;
				CLANG_WARN_OBJC_LITERAL_CONVERSION = YES;
				CLANG_WARN_OBJC_ROOT_CLASS = YES_ERROR;
				CLANG_WARN_QUOTED_INCLUDE_IN_FRAMEWORK_HEADER = YES;
				CLANG_WARN_RANGE_LOOP_ANALYSIS = YES;
				CLANG_WARN_STRICT_PROTOTYPES = YES;
				CLANG_WARN_SUSPICIOUS_MOVE = YES;
				CLANG_WARN_UNGUARDED_AVAILABILITY = YES_AGGRESSIVE;
				CLANG_WARN_UNREACHABLE_CODE = YES;
				CLANG_WARN__DUPLICATE_METHOD_MATCH = YES;
				COPY_PHASE_STRIP = NO;
				DEBUG_INFORMATION_FORMAT = dwarf;
				ENABLE_STRICT_OBJC_MSGSEND = YES;
				ENABLE_TESTABILITY = YES;
				GCC_C_LANGUAGE_STANDARD = gnu11;
				GCC_DYNAMIC_NO_PIC = NO;
				GCC_NO_COMMON_BLOCKS = YES;
				GCC_OPTIMIZATION_LEVEL = 0;
				GCC_PREPROCESSOR_DEFINITIONS = (
					"DEBUG=1",
					"$(inherited)",
				);
				GCC_WARN_64_TO_32_BIT_CONVERSION = YES;
				GCC_WARN_ABOUT_RETURN_TYPE = YES_ERROR;
				GCC_WARN_UNDECLARED_SELECTOR = YES;
				GCC_WARN_UNINITIALIZED_AUTOS = YES_AGGRESSIVE;
				GCC_WARN_UNUSED_FUNCTION = YES;
				GCC_WARN_UNUSED_VARIABLE = YES;
				IPHONEOS_DEPLOYMENT_TARGET = 14.4;
				MTL_ENABLE_DEBUG_INFO = INCLUDE_SOURCE;
				MTL_FAST_MATH = YES;
				ONLY_ACTIVE_ARCH = YES;
				SDKROOT = iphoneos;
				SWIFT_ACTIVE_COMPILATION_CONDITIONS = DEBUG;
				SWIFT_OPTIMIZATION_LEVEL = "-Onone";
			};
			name = Debug;
		};
		1471212E260BACAB007CCEBF /* Release */ = {
			isa = XCBuildConfiguration;
			buildSettings = {
				ALWAYS_SEARCH_USER_PATHS = NO;
				CLANG_ANALYZER_NONNULL = YES;
				CLANG_ANALYZER_NUMBER_OBJECT_CONVERSION = YES_AGGRESSIVE;
				CLANG_CXX_LANGUAGE_STANDARD = "gnu++14";
				CLANG_CXX_LIBRARY = "libc++";
				CLANG_ENABLE_MODULES = YES;
				CLANG_ENABLE_OBJC_ARC = YES;
				CLANG_ENABLE_OBJC_WEAK = YES;
				CLANG_WARN_BLOCK_CAPTURE_AUTORELEASING = YES;
				CLANG_WARN_BOOL_CONVERSION = YES;
				CLANG_WARN_COMMA = YES;
				CLANG_WARN_CONSTANT_CONVERSION = YES;
				CLANG_WARN_DEPRECATED_OBJC_IMPLEMENTATIONS = YES;
				CLANG_WARN_DIRECT_OBJC_ISA_USAGE = YES_ERROR;
				CLANG_WARN_DOCUMENTATION_COMMENTS = YES;
				CLANG_WARN_EMPTY_BODY = YES;
				CLANG_WARN_ENUM_CONVERSION = YES;
				CLANG_WARN_INFINITE_RECURSION = YES;
				CLANG_WARN_INT_CONVERSION = YES;
				CLANG_WARN_NON_LITERAL_NULL_CONVERSION = YES;
				CLANG_WARN_OBJC_IMPLICIT_RETAIN_SELF = YES;
				CLANG_WARN_OBJC_LITERAL_CONVERSION = YES;
				CLANG_WARN_OBJC_ROOT_CLASS = YES_ERROR;
				CLANG_WARN_QUOTED_INCLUDE_IN_FRAMEWORK_HEADER = YES;
				CLANG_WARN_RANGE_LOOP_ANALYSIS = YES;
				CLANG_WARN_STRICT_PROTOTYPES = YES;
				CLANG_WARN_SUSPICIOUS_MOVE = YES;
				CLANG_WARN_UNGUARDED_AVAILABILITY = YES_AGGRESSIVE;
				CLANG_WARN_UNREACHABLE_CODE = YES;
				CLANG_WARN__DUPLICATE_METHOD_MATCH = YES;
				COPY_PHASE_STRIP = NO;
				DEBUG_INFORMATION_FORMAT = "dwarf-with-dsym";
				ENABLE_NS_ASSERTIONS = NO;
				ENABLE_STRICT_OBJC_MSGSEND = YES;
				GCC_C_LANGUAGE_STANDARD = gnu11;
				GCC_NO_COMMON_BLOCKS = YES;
				GCC_WARN_64_TO_32_BIT_CONVERSION = YES;
				GCC_WARN_ABOUT_RETURN_TYPE = YES_ERROR;
				GCC_WARN_UNDECLARED_SELECTOR = YES;
				GCC_WARN_UNINITIALIZED_AUTOS = YES_AGGRESSIVE;
				GCC_WARN_UNUSED_FUNCTION = YES;
				GCC_WARN_UNUSED_VARIABLE = YES;
				IPHONEOS_DEPLOYMENT_TARGET = 14.4;
				MTL_ENABLE_DEBUG_INFO = NO;
				MTL_FAST_MATH = YES;
				SDKROOT = iphoneos;
				SWIFT_COMPILATION_MODE = wholemodule;
				SWIFT_OPTIMIZATION_LEVEL = "-O";
				VALIDATE_PRODUCT = YES;
			};
			name = Release;
		};
		14712130260BACAB007CCEBF /* Debug */ = {
			isa = XCBuildConfiguration;
			buildSettings = {
				ASSETCATALOG_COMPILER_APPICON_NAME = AppIcon;
				ASSETCATALOG_COMPILER_GLOBAL_ACCENT_COLOR_NAME = AccentColor;
				CODE_SIGN_STYLE = Automatic;
				DEVELOPMENT_TEAM = 7LV3CL7Z6S;
				INFOPLIST_FILE = "KarmaСounter/Info.plist";
				LD_RUNPATH_SEARCH_PATHS = (
					"$(inherited)",
					"@executable_path/Frameworks",
				);
				PRODUCT_BUNDLE_IDENTIFIER = "Oransky.Karma-ounter";
				PRODUCT_NAME = "$(TARGET_NAME)";
				SWIFT_VERSION = 5.0;
				TARGETED_DEVICE_FAMILY = "1,2";
			};
			name = Debug;
		};
		14712131260BACAB007CCEBF /* Release */ = {
			isa = XCBuildConfiguration;
			buildSettings = {
				ASSETCATALOG_COMPILER_APPICON_NAME = AppIcon;
				ASSETCATALOG_COMPILER_GLOBAL_ACCENT_COLOR_NAME = AccentColor;
				CODE_SIGN_STYLE = Automatic;
				DEVELOPMENT_TEAM = 7LV3CL7Z6S;
				INFOPLIST_FILE = "KarmaСounter/Info.plist";
				LD_RUNPATH_SEARCH_PATHS = (
					"$(inherited)",
					"@executable_path/Frameworks",
				);
				PRODUCT_BUNDLE_IDENTIFIER = "Oransky.Karma-ounter";
				PRODUCT_NAME = "$(TARGET_NAME)";
				SWIFT_VERSION = 5.0;
				TARGETED_DEVICE_FAMILY = "1,2";
			};
			name = Release;
		};
/* End XCBuildConfiguration section */

/* Begin XCConfigurationList section */
		14712113260BACA8007CCEBF /* Build configuration list for PBXProject "KarmaСounter" */ = {
			isa = XCConfigurationList;
			buildConfigurations = (
				1471212D260BACAB007CCEBF /* Debug */,
				1471212E260BACAB007CCEBF /* Release */,
			);
			defaultConfigurationIsVisible = 0;
			defaultConfigurationName = Release;
		};
		1471212F260BACAB007CCEBF /* Build configuration list for PBXNativeTarget "KarmaСounter" */ = {
			isa = XCConfigurationList;
			buildConfigurations = (
				14712130260BACAB007CCEBF /* Debug */,
				14712131260BACAB007CCEBF /* Release */,
			);
			defaultConfigurationIsVisible = 0;
			defaultConfigurationName = Release;
		};
/* End XCConfigurationList section */

/* Begin XCVersionGroup section */
		14712124260BACA8007CCEBF /* Karma_ounter.xcdatamodeld */ = {
			isa = XCVersionGroup;
			children = (
				14712125260BACA8007CCEBF /* Karma_ounter.xcdatamodel */,
			);
			currentVersion = 14712125260BACA8007CCEBF /* Karma_ounter.xcdatamodel */;
			path = Karma_ounter.xcdatamodeld;
			sourceTree = "<group>";
			versionGroupType = wrapper.xcdatamodel;
		};
/* End XCVersionGroup section */
	};
	rootObject = 14712110260BACA8007CCEBF /* Project object */;
}
